
Microsoft Visual Studio Solution File, Format Version 12.00
# Visual Studio Version 16
VisualStudioVersion = 16.0.33328.57
MinimumVisualStudioVersion = 10.0.40219.1
Project("{FAE04EC0-301F-11D3-BF4B-00C04F79EFBC}") = "RevitAPIReadingDataFromExcelFile", "RevitAPIReadingDataFromExcelFile.csproj", "{2934307A-0793-4182-84B4-A17BF58021FE}"
EndProject
Global
	GlobalSection(SolutionConfigurationPlatforms) = preSolution
		Debug|Any CPU = Debug|Any CPU
		Release|Any CPU = Release|Any CPU
	EndGlobalSection
	GlobalSection(ProjectConfigurationPlatforms) = postSolution
		{2934307A-0793-4182-84B4-A17BF58021FE}.Debug|Any CPU.ActiveCfg = Debug|Any CPU
		{2934307A-0793-4182-84B4-A17BF58021FE}.Debug|Any CPU.Build.0 = Debug|Any CPU
		{2934307A-0793-4182-84B4-A17BF58021FE}.Release|Any CPU.ActiveCfg = Release|Any CPU
		{2934307A-0793-4182-84B4-A17BF58021FE}.Release|Any CPU.Build.0 = Release|Any CPU
	EndGlobalSection
	GlobalSection(SolutionProperties) = preSolution
		HideSolutionNode = FALSE
	EndGlobalSection
	GlobalSection(ExtensibilityGlobals) = postSolution
		SolutionGuid = {4145C7AB-3A02-4DBF-99F2-2B6BE8E9B182}
	EndGlobalSection
EndGlobal
